
Microsoft Visual Studio Solution File, Format Version 12.00
# Visual Studio 2017
Project("{FAE04EC0-301F-11D3-BF4B-00C04F79EFBC}") = "GameEye2D", "GameEye2D.csproj", "{AB73DADE-E81D-DB08-0F7F-466D5F79705C}"
EndProject
Project("{FAE04EC0-301F-11D3-BF4B-00C04F79EFBC}") = "GameEye2D.Editor", "GameEye2D.Editor.csproj", "{83F771B7-AB0B-4CD6-30FB-352D578F6297}"
EndProject
Global
	GlobalSection(SolutionConfigurationPlatforms) = preSolution
		Debug|Any CPU = Debug|Any CPU
		Release|Any CPU = Release|Any CPU
	EndGlobalSection
	GlobalSection(ProjectConfigurationPlatforms) = postSolution
		{AB73DADE-E81D-DB08-0F7F-466D5F79705C}.Debug|Any CPU.ActiveCfg = Debug|Any CPU
		{AB73DADE-E81D-DB08-0F7F-466D5F79705C}.Debug|Any CPU.Build.0 = Debug|Any CPU
		{AB73DADE-E81D-DB08-0F7F-466D5F79705C}.Release|Any CPU.ActiveCfg = Release|Any CPU
		{AB73DADE-E81D-DB08-0F7F-466D5F79705C}.Release|Any CPU.Build.0 = Release|Any CPU
		{83F771B7-AB0B-4CD6-30FB-352D578F6297}.Debug|Any CPU.ActiveCfg = Debug|Any CPU
		{83F771B7-AB0B-4CD6-30FB-352D578F6297}.Debug|Any CPU.Build.0 = Debug|Any CPU
		{83F771B7-AB0B-4CD6-30FB-352D578F6297}.Release|Any CPU.ActiveCfg = Release|Any CPU
		{83F771B7-AB0B-4CD6-30FB-352D578F6297}.Release|Any CPU.Build.0 = Release|Any CPU
	EndGlobalSection
	GlobalSection(SolutionProperties) = preSolution
		HideSolutionNode = FALSE
	EndGlobalSection
EndGlobal
